
Microsoft Visual Studio Solution File, Format Version 12.00
# Visual Studio Version 16
VisualStudioVersion = 16.0.32002.261
MinimumVisualStudioVersion = 10.0.40219.1
Project("{FAE04EC0-301F-11D3-BF4B-00C04F79EFBC}") = "WpfApp1", "WpfApp1\WpfApp1.csproj", "{CC294C83-F1C9-425B-8469-F1DACAFEAD01}"
EndProject
Global
	GlobalSection(SolutionConfigurationPlatforms) = preSolution
		Debug|Any CPU = Debug|Any CPU
		Release|Any CPU = Release|Any CPU
	EndGlobalSection
	GlobalSection(ProjectConfigurationPlatforms) = postSolution
		{CC294C83-F1C9-425B-8469-F1DACAFEAD01}.Debug|Any CPU.ActiveCfg = Debug|Any CPU
		{CC294C83-F1C9-425B-8469-F1DACAFEAD01}.Debug|Any CPU.Build.0 = Debug|Any CPU
		{CC294C83-F1C9-425B-8469-F1DACAFEAD01}.Release|Any CPU.ActiveCfg = Release|Any CPU
		{CC294C83-F1C9-425B-8469-F1DACAFEAD01}.Release|Any CPU.Build.0 = Release|Any CPU
	EndGlobalSection
	GlobalSection(SolutionProperties) = preSolution
		HideSolutionNode = FALSE
	EndGlobalSection
	GlobalSection(ExtensibilityGlobals) = postSolution
		SolutionGuid = {A1380ADE-7937-4973-BE69-4FA9B4D4C781}
	EndGlobalSection
EndGlobal
