
Microsoft Visual Studio Solution File, Format Version 12.00
# Visual Studio Version 17
VisualStudioVersion = 17.3.32922.545
MinimumVisualStudioVersion = 10.0.40219.1
Project("{FAE04EC0-301F-11D3-BF4B-00C04F79EFBC}") = "TaxiSt", "TaxiSt\TaxiSt.csproj", "{5CFC8A46-7A69-460F-A9AE-155074E3D281}"
EndProject
Global
	GlobalSection(SolutionConfigurationPlatforms) = preSolution
		Debug|Any CPU = Debug|Any CPU
		Release|Any CPU = Release|Any CPU
	EndGlobalSection
	GlobalSection(ProjectConfigurationPlatforms) = postSolution
		{5CFC8A46-7A69-460F-A9AE-155074E3D281}.Debug|Any CPU.ActiveCfg = Debug|Any CPU
		{5CFC8A46-7A69-460F-A9AE-155074E3D281}.Debug|Any CPU.Build.0 = Debug|Any CPU
		{5CFC8A46-7A69-460F-A9AE-155074E3D281}.Release|Any CPU.ActiveCfg = Release|Any CPU
		{5CFC8A46-7A69-460F-A9AE-155074E3D281}.Release|Any CPU.Build.0 = Release|Any CPU
	EndGlobalSection
	GlobalSection(SolutionProperties) = preSolution
		HideSolutionNode = FALSE
	EndGlobalSection
	GlobalSection(ExtensibilityGlobals) = postSolution
		SolutionGuid = {58EA14FD-C8D7-4B6B-9817-805A7F037D56}
	EndGlobalSection
EndGlobal
